
Microsoft Visual Studio Solution File, Format Version 12.00
# Visual Studio Version 17
VisualStudioVersion = 17.8.34525.116
MinimumVisualStudioVersion = 10.0.40219.1
Project("{9A19103F-16F7-4668-BE54-9A1E7A4F7556}") = "superheroAPI", "superheroAPI\superheroAPI.csproj", "{D3219C3D-A8FA-4E08-8F51-3E8D6CCCA08A}"
EndProject
Global
	GlobalSection(SolutionConfigurationPlatforms) = preSolution
		Debug|Any CPU = Debug|Any CPU
		Release|Any CPU = Release|Any CPU
	EndGlobalSection
	GlobalSection(ProjectConfigurationPlatforms) = postSolution
		{D3219C3D-A8FA-4E08-8F51-3E8D6CCCA08A}.Debug|Any CPU.ActiveCfg = Debug|Any CPU
		{D3219C3D-A8FA-4E08-8F51-3E8D6CCCA08A}.Debug|Any CPU.Build.0 = Debug|Any CPU
		{D3219C3D-A8FA-4E08-8F51-3E8D6CCCA08A}.Release|Any CPU.ActiveCfg = Release|Any CPU
		{D3219C3D-A8FA-4E08-8F51-3E8D6CCCA08A}.Release|Any CPU.Build.0 = Release|Any CPU
	EndGlobalSection
	GlobalSection(SolutionProperties) = preSolution
		HideSolutionNode = FALSE
	EndGlobalSection
	GlobalSection(ExtensibilityGlobals) = postSolution
		SolutionGuid = {FD4A6AE0-3351-4D1B-A557-C5A0E0AD6EC6}
	EndGlobalSection
EndGlobal
